
Microsoft Visual Studio Solution File, Format Version 12.00
# Visual Studio Version 17
VisualStudioVersion = 17.8.34525.116
MinimumVisualStudioVersion = 10.0.40219.1
Project("{FAE04EC0-301F-11D3-BF4B-00C04F79EFBC}") = "Homework", "Homework\Homework.csproj", "{FDE95C04-B648-471D-9826-C12B45B2F03E}"
EndProject
Global
	GlobalSection(SolutionConfigurationPlatforms) = preSolution
		Debug|Any CPU = Debug|Any CPU
		Release|Any CPU = Release|Any CPU
	EndGlobalSection
	GlobalSection(ProjectConfigurationPlatforms) = postSolution
		{FDE95C04-B648-471D-9826-C12B45B2F03E}.Debug|Any CPU.ActiveCfg = Debug|Any CPU
		{FDE95C04-B648-471D-9826-C12B45B2F03E}.Debug|Any CPU.Build.0 = Debug|Any CPU
		{FDE95C04-B648-471D-9826-C12B45B2F03E}.Release|Any CPU.ActiveCfg = Release|Any CPU
		{FDE95C04-B648-471D-9826-C12B45B2F03E}.Release|Any CPU.Build.0 = Release|Any CPU
	EndGlobalSection
	GlobalSection(SolutionProperties) = preSolution
		HideSolutionNode = FALSE
	EndGlobalSection
	GlobalSection(ExtensibilityGlobals) = postSolution
		SolutionGuid = {CB64FB5D-B813-48A2-954B-CFE6AEDF0608}
	EndGlobalSection
EndGlobal
